{
  "name": "modules",
  "version": "1.0.0",
  "lockfileVersion": 1,
  "requires": true,
  "dependencies": {
    "awesome-dev-jokes": {
      "version": "1.0.3",
      "resolved": "https://registry.npmjs.org/awesome-dev-jokes/-/awesome-dev-jokes-1.0.3.tgz",
      "integrity": "sha512-NR05SiOoLggOEaRrzQB3q27wId0nc2Z+EI8BfwnggTwKqjvX3Ww6NGhWAt2hr+rRg4xBCSzSSBYVKz5+4TO84w=="
    }
  }
}
